// !$*UTF8*$!
{
	archiveVersion = 1;
	classes = {
	};
	objectVersion = 56;
	objects = {

/* Begin PBXBuildFile section */
		4B7CF56D2960833B00A12E85 /* AppDelegate.swift in Sources */ = {isa = PBXBuildFile; fileRef = 4B7CF56C2960833B00A12E85 /* AppDelegate.swift */; };
		4B7CF56F2960833B00A12E85 /* SceneDelegate.swift in Sources */ = {isa = PBXBuildFile; fileRef = 4B7CF56E2960833B00A12E85 /* SceneDelegate.swift */; };
		4B7CF5712960833B00A12E85 /* ViewController.swift in Sources */ = {isa = PBXBuildFile; fileRef = 4B7CF5702960833B00A12E85 /* ViewController.swift */; };
		4B7CF5742960833B00A12E85 /* Main.storyboard in Resources */ = {isa = PBXBuildFile; fileRef = 4B7CF5722960833B00A12E85 /* Main.storyboard */; };
		4B7CF5762960833D00A12E85 /* Assets.xcassets in Resources */ = {isa = PBXBuildFile; fileRef = 4B7CF5752960833D00A12E85 /* Assets.xcassets */; };
		4B7CF5792960833D00A12E85 /* LaunchScreen.storyboard in Resources */ = {isa = PBXBuildFile; fileRef = 4B7CF5772960833D00A12E85 /* LaunchScreen.storyboard */; };
		4B7CF581296085A100A12E85 /* MenuTableViewCell.swift in Sources */ = {isa = PBXBuildFile; fileRef = 4B7CF580296085A100A12E85 /* MenuTableViewCell.swift */; };
		4B7CF58529608C4900A12E85 /* MenuTableViewController.swift in Sources */ = {isa = PBXBuildFile; fileRef = 4B7CF58429608C4900A12E85 /* MenuTableViewController.swift */; };
		4B7CF58829608D1300A12E85 /* Menu.swift in Sources */ = {isa = PBXBuildFile; fileRef = 4B7CF58729608D1300A12E85 /* Menu.swift */; };
		4B7CF58A2961626300A12E85 /* OrderViewController.swift in Sources */ = {isa = PBXBuildFile; fileRef = 4B7CF5892961626300A12E85 /* OrderViewController.swift */; };
		4B7CF58E2961901900A12E85 /* Order.swift in Sources */ = {isa = PBXBuildFile; fileRef = 4B7CF58D2961901900A12E85 /* Order.swift */; };
		4B7CF5902961B81A00A12E85 /* OrderTableViewController.swift in Sources */ = {isa = PBXBuildFile; fileRef = 4B7CF58F2961B81A00A12E85 /* OrderTableViewController.swift */; };
		4B7CF5922961B83C00A12E85 /* OrderTableViewCell.swift in Sources */ = {isa = PBXBuildFile; fileRef = 4B7CF5912961B83C00A12E85 /* OrderTableViewCell.swift */; };
/* End PBXBuildFile section */

/* Begin PBXFileReference section */
		4B7CF5692960833B00A12E85 /* DrinkAPP.app */ = {isa = PBXFileReference; explicitFileType = wrapper.application; includeInIndex = 0; path = DrinkAPP.app; sourceTree = BUILT_PRODUCTS_DIR; };
		4B7CF56C2960833B00A12E85 /* AppDelegate.swift */ = {isa = PBXFileReference; lastKnownFileType = sourcecode.swift; path = AppDelegate.swift; sourceTree = "<group>"; };
		4B7CF56E2960833B00A12E85 /* SceneDelegate.swift */ = {isa = PBXFileReference; lastKnownFileType = sourcecode.swift; path = SceneDelegate.swift; sourceTree = "<group>"; };
		4B7CF5702960833B00A12E85 /* ViewController.swift */ = {isa = PBXFileReference; lastKnownFileType = sourcecode.swift; path = ViewController.swift; sourceTree = "<group>"; };
		4B7CF5732960833B00A12E85 /* Base */ = {isa = PBXFileReference; lastKnownFileType = file.storyboard; name = Base; path = Base.lproj/Main.storyboard; sourceTree = "<group>"; };
		4B7CF5752960833D00A12E85 /* Assets.xcassets */ = {isa = PBXFileReference; lastKnownFileType = folder.assetcatalog; path = Assets.xcassets; sourceTree = "<group>"; };
		4B7CF5782960833D00A12E85 /* Base */ = {isa = PBXFileReference; lastKnownFileType = file.storyboard; name = Base; path = Base.lproj/LaunchScreen.storyboard; sourceTree = "<group>"; };
		4B7CF57A2960833D00A12E85 /* Info.plist */ = {isa = PBXFileReference; lastKnownFileType = text.plist.xml; path = Info.plist; sourceTree = "<group>"; };
		4B7CF580296085A100A12E85 /* MenuTableViewCell.swift */ = {isa = PBXFileReference; lastKnownFileType = sourcecode.swift; path = MenuTableViewCell.swift; sourceTree = "<group>"; };
		4B7CF58429608C4900A12E85 /* MenuTableViewController.swift */ = {isa = PBXFileReference; lastKnownFileType = sourcecode.swift; path = MenuTableViewController.swift; sourceTree = "<group>"; };
		4B7CF58729608D1300A12E85 /* Menu.swift */ = {isa = PBXFileReference; lastKnownFileType = sourcecode.swift; path = Menu.swift; sourceTree = "<group>"; };
		4B7CF5892961626300A12E85 /* OrderViewController.swift */ = {isa = PBXFileReference; lastKnownFileType = sourcecode.swift; path = OrderViewController.swift; sourceTree = "<group>"; };
		4B7CF58D2961901900A12E85 /* Order.swift */ = {isa = PBXFileReference; lastKnownFileType = sourcecode.swift; path = Order.swift; sourceTree = "<group>"; };
		4B7CF58F2961B81A00A12E85 /* OrderTableViewController.swift */ = {isa = PBXFileReference; lastKnownFileType = sourcecode.swift; path = OrderTableViewController.swift; sourceTree = "<group>"; };
		4B7CF5912961B83C00A12E85 /* OrderTableViewCell.swift */ = {isa = PBXFileReference; lastKnownFileType = sourcecode.swift; path = OrderTableViewCell.swift; sourceTree = "<group>"; };
/* End PBXFileReference section */

/* Begin PBXFrameworksBuildPhase section */
		4B7CF5662960833B00A12E85 /* Frameworks */ = {
			isa = PBXFrameworksBuildPhase;
			buildActionMask = 2147483647;
			files = (
			);
			runOnlyForDeploymentPostprocessing = 0;
		};
/* End PBXFrameworksBuildPhase section */

/* Begin PBXGroup section */
		4B7CF5602960833B00A12E85 = {
			isa = PBXGroup;
			children = (
				4B7CF56B2960833B00A12E85 /* DrinkAPP */,
				4B7CF56A2960833B00A12E85 /* Products */,
			);
			sourceTree = "<group>";
		};
		4B7CF56A2960833B00A12E85 /* Products */ = {
			isa = PBXGroup;
			children = (
				4B7CF5692960833B00A12E85 /* DrinkAPP.app */,
			);
			name = Products;
			sourceTree = "<group>";
		};
		4B7CF56B2960833B00A12E85 /* DrinkAPP */ = {
			isa = PBXGroup;
			children = (
				4B7CF58629608CF600A12E85 /* Model */,
				4B7CF56C2960833B00A12E85 /* AppDelegate.swift */,
				4B7CF56E2960833B00A12E85 /* SceneDelegate.swift */,
				4B7CF5702960833B00A12E85 /* ViewController.swift */,
				4B7CF5722960833B00A12E85 /* Main.storyboard */,
				4B7CF5912961B83C00A12E85 /* OrderTableViewCell.swift */,
				4B7CF58F2961B81A00A12E85 /* OrderTableViewController.swift */,
				4B7CF58429608C4900A12E85 /* MenuTableViewController.swift */,
				4B7CF5892961626300A12E85 /* OrderViewController.swift */,
				4B7CF580296085A100A12E85 /* MenuTableViewCell.swift */,
				4B7CF5752960833D00A12E85 /* Assets.xcassets */,
				4B7CF5772960833D00A12E85 /* LaunchScreen.storyboard */,
				4B7CF57A2960833D00A12E85 /* Info.plist */,
			);
			path = DrinkAPP;
			sourceTree = "<group>";
		};
		4B7CF58629608CF600A12E85 /* Model */ = {
			isa = PBXGroup;
			children = (
				4B7CF58729608D1300A12E85 /* Menu.swift */,
				4B7CF58D2961901900A12E85 /* Order.swift */,
			);
			path = Model;
			sourceTree = "<group>";
		};
/* End PBXGroup section */

/* Begin PBXNativeTarget section */
		4B7CF5682960833B00A12E85 /* DrinkAPP */ = {
			isa = PBXNativeTarget;
			buildConfigurationList = 4B7CF57D2960833D00A12E85 /* Build configuration list for PBXNativeTarget "DrinkAPP" */;
			buildPhases = (
				4B7CF5652960833B00A12E85 /* Sources */,
				4B7CF5662960833B00A12E85 /* Frameworks */,
				4B7CF5672960833B00A12E85 /* Resources */,
			);
			buildRules = (
			);
			dependencies = (
			);
			name = DrinkAPP;
			productName = DrinkAPP;
			productReference = 4B7CF5692960833B00A12E85 /* DrinkAPP.app */;
			productType = "com.apple.product-type.application";
		};
/* End PBXNativeTarget section */

/* Begin PBXProject section */
		4B7CF5612960833B00A12E85 /* Project object */ = {
			isa = PBXProject;
			attributes = {
				BuildIndependentTargetsInParallel = 1;
				LastSwiftUpdateCheck = 1420;
				LastUpgradeCheck = 1420;
				TargetAttributes = {
					4B7CF5682960833B00A12E85 = {
						CreatedOnToolsVersion = 14.2;
					};
				};
			};
			buildConfigurationList = 4B7CF5642960833B00A12E85 /* Build configuration list for PBXProject "DrinkAPP" */;
			compatibilityVersion = "Xcode 14.0";
			developmentRegion = en;
			hasScannedForEncodings = 0;
			knownRegions = (
				en,
				Base,
			);
			mainGroup = 4B7CF5602960833B00A12E85;
			productRefGroup = 4B7CF56A2960833B00A12E85 /* Products */;
			projectDirPath = "";
			projectRoot = "";
			targets = (
				4B7CF5682960833B00A12E85 /* DrinkAPP */,
			);
		};
/* End PBXProject section */

/* Begin PBXResourcesBuildPhase section */
		4B7CF5672960833B00A12E85 /* Resources */ = {
			isa = PBXResourcesBuildPhase;
			buildActionMask = 2147483647;
			files = (
				4B7CF5792960833D00A12E85 /* LaunchScreen.storyboard in Resources */,
				4B7CF5762960833D00A12E85 /* Assets.xcassets in Resources */,
				4B7CF5742960833B00A12E85 /* Main.storyboard in Resources */,
			);
			runOnlyForDeploymentPostprocessing = 0;
		};
/* End PBXResourcesBuildPhase section */

/* Begin PBXSourcesBuildPhase section */
		4B7CF5652960833B00A12E85 /* Sources */ = {
			isa = PBXSourcesBuildPhase;
			buildActionMask = 2147483647;
			files = (
				4B7CF58829608D1300A12E85 /* Menu.swift in Sources */,
				4B7CF5902961B81A00A12E85 /* OrderTableViewController.swift in Sources */,
				4B7CF5712960833B00A12E85 /* ViewController.swift in Sources */,
				4B7CF58E2961901900A12E85 /* Order.swift in Sources */,
				4B7CF56D2960833B00A12E85 /* AppDelegate.swift in Sources */,
				4B7CF58A2961626300A12E85 /* OrderViewController.swift in Sources */,
				4B7CF5922961B83C00A12E85 /* OrderTableViewCell.swift in Sources */,
				4B7CF58529608C4900A12E85 /* MenuTableViewController.swift in Sources */,
				4B7CF581296085A100A12E85 /* MenuTableViewCell.swift in Sources */,
				4B7CF56F2960833B00A12E85 /* SceneDelegate.swift in Sources */,
			);
			runOnlyForDeploymentPostprocessing = 0;
		};
/* End PBXSourcesBuildPhase section */

/* Begin PBXVariantGroup section */
		4B7CF5722960833B00A12E85 /* Main.storyboard */ = {
			isa = PBXVariantGroup;
			children = (
				4B7CF5732960833B00A12E85 /* Base */,
			);
			name = Main.storyboard;
			sourceTree = "<group>";
		};
		4B7CF5772960833D00A12E85 /* LaunchScreen.storyboard */ = {
			isa = PBXVariantGroup;
			children = (
				4B7CF5782960833D00A12E85 /* Base */,
			);
			name = LaunchScreen.storyboard;
			sourceTree = "<group>";
		};
/* End PBXVariantGroup section */

/* Begin XCBuildConfiguration section */
		4B7CF57B2960833D00A12E85 /* Debug */ = {
			isa = XCBuildConfiguration;
			buildSettings = {
				ALWAYS_SEARCH_USER_PATHS = NO;
				CLANG_ANALYZER_NONNULL = YES;
				CLANG_ANALYZER_NUMBER_OBJECT_CONVERSION = YES_AGGRESSIVE;
				CLANG_CXX_LANGUAGE_STANDARD = "gnu++20";
				CLANG_ENABLE_MODULES = YES;
				CLANG_ENABLE_OBJC_ARC = YES;
				CLANG_ENABLE_OBJC_WEAK = YES;
				CLANG_WARN_BLOCK_CAPTURE_AUTORELEASING = YES;
				CLANG_WARN_BOOL_CONVERSION = YES;
				CLANG_WARN_COMMA = YES;
				CLANG_WARN_CONSTANT_CONVERSION = YES;
				CLANG_WARN_DEPRECATED_OBJC_IMPLEMENTATIONS = YES;
				CLANG_WARN_DIRECT_OBJC_ISA_USAGE = YES_ERROR;
				CLANG_WARN_DOCUMENTATION_COMMENTS = YES;
				CLANG_WARN_EMPTY_BODY = YES;
				CLANG_WARN_ENUM_CONVERSION = YES;
				CLANG_WARN_INFINITE_RECURSION = YES;
				CLANG_WARN_INT_CONVERSION = YES;
				CLANG_WARN_NON_LITERAL_NULL_CONVERSION = YES;
				CLANG_WARN_OBJC_IMPLICIT_RETAIN_SELF = YES;
				CLANG_WARN_OBJC_LITERAL_CONVERSION = YES;
				CLANG_WARN_OBJC_ROOT_CLASS = YES_ERROR;
				CLANG_WARN_QUOTED_INCLUDE_IN_FRAMEWORK_HEADER = YES;
				CLANG_WARN_RANGE_LOOP_ANALYSIS = YES;
				CLANG_WARN_STRICT_PROTOTYPES = YES;
				CLANG_WARN_SUSPICIOUS_MOVE = YES;
				CLANG_WARN_UNGUARDED_AVAILABILITY = YES_AGGRESSIVE;
				CLANG_WARN_UNREACHABLE_CODE = YES;
				CLANG_WARN__DUPLICATE_METHOD_MATCH = YES;
				COPY_PHASE_STRIP = NO;
				DEBUG_INFORMATION_FORMAT = dwarf;
				ENABLE_STRICT_OBJC_MSGSEND = YES;
				ENABLE_TESTABILITY = YES;
				GCC_C_LANGUAGE_STANDARD = gnu11;
				GCC_DYNAMIC_NO_PIC = NO;
				GCC_NO_COMMON_BLOCKS = YES;
				GCC_OPTIMIZATION_LEVEL = 0;
				GCC_PREPROCESSOR_DEFINITIONS = (
					"DEBUG=1",
					"$(inherited)",
				);
				GCC_WARN_64_TO_32_BIT_CONVERSION = YES;
				GCC_WARN_ABOUT_RETURN_TYPE = YES_ERROR;
				GCC_WARN_UNDECLARED_SELECTOR = YES;
				GCC_WARN_UNINITIALIZED_AUTOS = YES_AGGRESSIVE;
				GCC_WARN_UNUSED_FUNCTION = YES;
				GCC_WARN_UNUSED_VARIABLE = YES;
				IPHONEOS_DEPLOYMENT_TARGET = 16.2;
				MTL_ENABLE_DEBUG_INFO = INCLUDE_SOURCE;
				MTL_FAST_MATH = YES;
				ONLY_ACTIVE_ARCH = YES;
				SDKROOT = iphoneos;
				SWIFT_ACTIVE_COMPILATION_CONDITIONS = DEBUG;
				SWIFT_OPTIMIZATION_LEVEL = "-Onone";
			};
			name = Debug;
		};
		4B7CF57C2960833D00A12E85 /* Release */ = {
			isa = XCBuildConfiguration;
			buildSettings = {
				ALWAYS_SEARCH_USER_PATHS = NO;
				CLANG_ANALYZER_NONNULL = YES;
				CLANG_ANALYZER_NUMBER_OBJECT_CONVERSION = YES_AGGRESSIVE;
				CLANG_CXX_LANGUAGE_STANDARD = "gnu++20";
				CLANG_ENABLE_MODULES = YES;
				CLANG_ENABLE_OBJC_ARC = YES;
				CLANG_ENABLE_OBJC_WEAK = YES;
				CLANG_WARN_BLOCK_CAPTURE_AUTORELEASING = YES;
				CLANG_WARN_BOOL_CONVERSION = YES;
				CLANG_WARN_COMMA = YES;
				CLANG_WARN_CONSTANT_CONVERSION = YES;
				CLANG_WARN_DEPRECATED_OBJC_IMPLEMENTATIONS = YES;
				CLANG_WARN_DIRECT_OBJC_ISA_USAGE = YES_ERROR;
				CLANG_WARN_DOCUMENTATION_COMMENTS = YES;
				CLANG_WARN_EMPTY_BODY = YES;
				CLANG_WARN_ENUM_CONVERSION = YES;
				CLANG_WARN_INFINITE_RECURSION = YES;
				CLANG_WARN_INT_CONVERSION = YES;
				CLANG_WARN_NON_LITERAL_NULL_CONVERSION = YES;
				CLANG_WARN_OBJC_IMPLICIT_RETAIN_SELF = YES;
				CLANG_WARN_OBJC_LITERAL_CONVERSION = YES;
				CLANG_WARN_OBJC_ROOT_CLASS = YES_ERROR;
				CLANG_WARN_QUOTED_INCLUDE_IN_FRAMEWORK_HEADER = YES;
				CLANG_WARN_RANGE_LOOP_ANALYSIS = YES;
				CLANG_WARN_STRICT_PROTOTYPES = YES;
				CLANG_WARN_SUSPICIOUS_MOVE = YES;
				CLANG_WARN_UNGUARDED_AVAILABILITY = YES_AGGRESSIVE;
				CLANG_WARN_UNREACHABLE_CODE = YES;
				CLANG_WARN__DUPLICATE_METHOD_MATCH = YES;
				COPY_PHASE_STRIP = NO;
				DEBUG_INFORMATION_FORMAT = "dwarf-with-dsym";
				ENABLE_NS_ASSERTIONS = NO;
				ENABLE_STRICT_OBJC_MSGSEND = YES;
				GCC_C_LANGUAGE_STANDARD = gnu11;
				GCC_NO_COMMON_BLOCKS = YES;
				GCC_WARN_64_TO_32_BIT_CONVERSION = YES;
				GCC_WARN_ABOUT_RETURN_TYPE = YES_ERROR;
				GCC_WARN_UNDECLARED_SELECTOR = YES;
				GCC_WARN_UNINITIALIZED_AUTOS = YES_AGGRESSIVE;
				GCC_WARN_UNUSED_FUNCTION = YES;
				GCC_WARN_UNUSED_VARIABLE = YES;
				IPHONEOS_DEPLOYMENT_TARGET = 16.2;
				MTL_ENABLE_DEBUG_INFO = NO;
				MTL_FAST_MATH = YES;
				SDKROOT = iphoneos;
				SWIFT_COMPILATION_MODE = wholemodule;
				SWIFT_OPTIMIZATION_LEVEL = "-O";
				VALIDATE_PRODUCT = YES;
			};
			name = Release;
		};
		4B7CF57E2960833D00A12E85 /* Debug */ = {
			isa = XCBuildConfiguration;
			buildSettings = {
				ASSETCATALOG_COMPILER_APPICON_NAME = AppIcon;
				ASSETCATALOG_COMPILER_GLOBAL_ACCENT_COLOR_NAME = AccentColor;
				CODE_SIGN_STYLE = Automatic;
				CURRENT_PROJECT_VERSION = 1;
				DEVELOPMENT_TEAM = KJ52Z7F69C;
				GENERATE_INFOPLIST_FILE = YES;
				INFOPLIST_FILE = DrinkAPP/Info.plist;
				INFOPLIST_KEY_UIApplicationSupportsIndirectInputEvents = YES;
				INFOPLIST_KEY_UILaunchStoryboardName = LaunchScreen;
				INFOPLIST_KEY_UIMainStoryboardFile = Main;
				INFOPLIST_KEY_UISupportedInterfaceOrientations_iPad = "UIInterfaceOrientationPortrait UIInterfaceOrientationPortraitUpsideDown UIInterfaceOrientationLandscapeLeft UIInterfaceOrientationLandscapeRight";
				INFOPLIST_KEY_UISupportedInterfaceOrientations_iPhone = "UIInterfaceOrientationPortrait UIInterfaceOrientationLandscapeLeft UIInterfaceOrientationLandscapeRight";
				LD_RUNPATH_SEARCH_PATHS = (
					"$(inherited)",
					"@executable_path/Frameworks",
				);
				MARKETING_VERSION = 1.0;
				PRODUCT_BUNDLE_IDENTIFIER = com.ruby.DrinkAPP;
				PRODUCT_NAME = "$(TARGET_NAME)";
				SWIFT_EMIT_LOC_STRINGS = YES;
				SWIFT_VERSION = 5.0;
				TARGETED_DEVICE_FAMILY = "1,2";
			};
			name = Debug;
		};
		4B7CF57F2960833D00A12E85 /* Release */ = {
			isa = XCBuildConfiguration;
			buildSettings = {
				ASSETCATALOG_COMPILER_APPICON_NAME = AppIcon;
				ASSETCATALOG_COMPILER_GLOBAL_ACCENT_COLOR_NAME = AccentColor;
				CODE_SIGN_STYLE = Automatic;
				CURRENT_PROJECT_VERSION = 1;
				DEVELOPMENT_TEAM = KJ52Z7F69C;
				GENERATE_INFOPLIST_FILE = YES;
				INFOPLIST_FILE = DrinkAPP/Info.plist;
				INFOPLIST_KEY_UIApplicationSupportsIndirectInputEvents = YES;
				INFOPLIST_KEY_UILaunchStoryboardName = LaunchScreen;
				INFOPLIST_KEY_UIMainStoryboardFile = Main;
				INFOPLIST_KEY_UISupportedInterfaceOrientations_iPad = "UIInterfaceOrientationPortrait UIInterfaceOrientationPortraitUpsideDown UIInterfaceOrientationLandscapeLeft UIInterfaceOrientationLandscapeRight";
				INFOPLIST_KEY_UISupportedInterfaceOrientations_iPhone = "UIInterfaceOrientationPortrait UIInterfaceOrientationLandscapeLeft UIInterfaceOrientationLandscapeRight";
				LD_RUNPATH_SEARCH_PATHS = (
					"$(inherited)",
					"@executable_path/Frameworks",
				);
				MARKETING_VERSION = 1.0;
				PRODUCT_BUNDLE_IDENTIFIER = com.ruby.DrinkAPP;
				PRODUCT_NAME = "$(TARGET_NAME)";
				SWIFT_EMIT_LOC_STRINGS = YES;
				SWIFT_VERSION = 5.0;
				TARGETED_DEVICE_FAMILY = "1,2";
			};
			name = Release;
		};
/* End XCBuildConfiguration section */

/* Begin XCConfigurationList section */
		4B7CF5642960833B00A12E85 /* Build configuration list for PBXProject "DrinkAPP" */ = {
			isa = XCConfigurationList;
			buildConfigurations = (
				4B7CF57B2960833D00A12E85 /* Debug */,
				4B7CF57C2960833D00A12E85 /* Release */,
			);
			defaultConfigurationIsVisible = 0;
			defaultConfigurationName = Release;
		};
		4B7CF57D2960833D00A12E85 /* Build configuration list for PBXNativeTarget "DrinkAPP" */ = {
			isa = XCConfigurationList;
			buildConfigurations = (
				4B7CF57E2960833D00A12E85 /* Debug */,
				4B7CF57F2960833D00A12E85 /* Release */,
			);
			defaultConfigurationIsVisible = 0;
			defaultConfigurationName = Release;
		};
/* End XCConfigurationList section */
	};
	rootObject = 4B7CF5612960833B00A12E85 /* Project object */;
}
